// !$*UTF8*$!
{
	archiveVersion = 1;
	classes = {
	};
	objectVersion = 56;
	objects = {

/* Begin PBXBuildFile section */
		4B3F9CF029A4254F00EBC482 /* TodoTableViewCell.swift in Sources */ = {isa = PBXBuildFile; fileRef = 4B3F9CEF29A4254F00EBC482 /* TodoTableViewCell.swift */; };
		4B3F9CF429A4424500EBC482 /* TodoItem.swift in Sources */ = {isa = PBXBuildFile; fileRef = 4B3F9CF329A4424500EBC482 /* TodoItem.swift */; };
		4B3F9CF629A442F200EBC482 /* TodoItemViewModel.swift in Sources */ = {isa = PBXBuildFile; fileRef = 4B3F9CF529A442F200EBC482 /* TodoItemViewModel.swift */; };
		4B4D3DAC29A6BA9B00CD848E /* TaskEditViewController.swift in Sources */ = {isa = PBXBuildFile; fileRef = 4B4D3DAB29A6BA9B00CD848E /* TaskEditViewController.swift */; };
		4BB4B56029AD142E002644F5 /* UIImage.extension.swift in Sources */ = {isa = PBXBuildFile; fileRef = 4BB4B55F29AD142E002644F5 /* UIImage.extension.swift */; };
		4BFC742A299C45D700D16CB7 /* AppDelegate.swift in Sources */ = {isa = PBXBuildFile; fileRef = 4BFC7429299C45D700D16CB7 /* AppDelegate.swift */; };
		4BFC742C299C45D700D16CB7 /* SceneDelegate.swift in Sources */ = {isa = PBXBuildFile; fileRef = 4BFC742B299C45D700D16CB7 /* SceneDelegate.swift */; };
		4BFC742E299C45D700D16CB7 /* TodoListViewController.swift in Sources */ = {isa = PBXBuildFile; fileRef = 4BFC742D299C45D700D16CB7 /* TodoListViewController.swift */; };
		4BFC7433299C45D800D16CB7 /* Assets.xcassets in Resources */ = {isa = PBXBuildFile; fileRef = 4BFC7432299C45D800D16CB7 /* Assets.xcassets */; };
		4BFC7436299C45D800D16CB7 /* LaunchScreen.storyboard in Resources */ = {isa = PBXBuildFile; fileRef = 4BFC7434299C45D800D16CB7 /* LaunchScreen.storyboard */; };
/* End PBXBuildFile section */

/* Begin PBXFileReference section */
		4B3F9CEF29A4254F00EBC482 /* TodoTableViewCell.swift */ = {isa = PBXFileReference; lastKnownFileType = sourcecode.swift; path = TodoTableViewCell.swift; sourceTree = "<group>"; };
		4B3F9CF329A4424500EBC482 /* TodoItem.swift */ = {isa = PBXFileReference; lastKnownFileType = sourcecode.swift; path = TodoItem.swift; sourceTree = "<group>"; };
		4B3F9CF529A442F200EBC482 /* TodoItemViewModel.swift */ = {isa = PBXFileReference; lastKnownFileType = sourcecode.swift; path = TodoItemViewModel.swift; sourceTree = "<group>"; };
		4B4D3DAB29A6BA9B00CD848E /* TaskEditViewController.swift */ = {isa = PBXFileReference; lastKnownFileType = sourcecode.swift; path = TaskEditViewController.swift; sourceTree = "<group>"; };
		4BB4B55F29AD142E002644F5 /* UIImage.extension.swift */ = {isa = PBXFileReference; lastKnownFileType = sourcecode.swift; path = UIImage.extension.swift; sourceTree = "<group>"; };
		4BFC7426299C45D700D16CB7 /* TodoList.app */ = {isa = PBXFileReference; explicitFileType = wrapper.application; includeInIndex = 0; path = TodoList.app; sourceTree = BUILT_PRODUCTS_DIR; };
		4BFC7429299C45D700D16CB7 /* AppDelegate.swift */ = {isa = PBXFileReference; lastKnownFileType = sourcecode.swift; path = AppDelegate.swift; sourceTree = "<group>"; };
		4BFC742B299C45D700D16CB7 /* SceneDelegate.swift */ = {isa = PBXFileReference; lastKnownFileType = sourcecode.swift; path = SceneDelegate.swift; sourceTree = "<group>"; };
		4BFC742D299C45D700D16CB7 /* TodoListViewController.swift */ = {isa = PBXFileReference; lastKnownFileType = sourcecode.swift; path = TodoListViewController.swift; sourceTree = "<group>"; };
		4BFC7432299C45D800D16CB7 /* Assets.xcassets */ = {isa = PBXFileReference; lastKnownFileType = folder.assetcatalog; path = Assets.xcassets; sourceTree = "<group>"; };
		4BFC7435299C45D800D16CB7 /* Base */ = {isa = PBXFileReference; lastKnownFileType = file.storyboard; name = Base; path = Base.lproj/LaunchScreen.storyboard; sourceTree = "<group>"; };
		4BFC7437299C45D800D16CB7 /* Info.plist */ = {isa = PBXFileReference; lastKnownFileType = text.plist.xml; path = Info.plist; sourceTree = "<group>"; };
/* End PBXFileReference section */

/* Begin PBXFrameworksBuildPhase section */
		4BFC7423299C45D700D16CB7 /* Frameworks */ = {
			isa = PBXFrameworksBuildPhase;
			buildActionMask = 2147483647;
			files = (
			);
			runOnlyForDeploymentPostprocessing = 0;
		};
/* End PBXFrameworksBuildPhase section */

/* Begin PBXGroup section */
		4B4D3DA629A674AD00CD848E /* Model */ = {
			isa = PBXGroup;
			children = (
				4B3F9CF329A4424500EBC482 /* TodoItem.swift */,
			);
			path = Model;
			sourceTree = "<group>";
		};
		4B4D3DA729A674BD00CD848E /* ViewModel */ = {
			isa = PBXGroup;
			children = (
				4B3F9CF529A442F200EBC482 /* TodoItemViewModel.swift */,
			);
			path = ViewModel;
			sourceTree = "<group>";
		};
		4B4D3DA829A674C300CD848E /* View */ = {
			isa = PBXGroup;
			children = (
			);
			path = View;
			sourceTree = "<group>";
		};
		4BB4B55E29AD1404002644F5 /* Extension */ = {
			isa = PBXGroup;
			children = (
				4BB4B55F29AD142E002644F5 /* UIImage.extension.swift */,
			);
			path = Extension;
			sourceTree = "<group>";
		};
		4BFC741D299C45D600D16CB7 = {
			isa = PBXGroup;
			children = (
				4BFC7428299C45D700D16CB7 /* TodoList */,
				4BFC7427299C45D700D16CB7 /* Products */,
			);
			sourceTree = "<group>";
		};
		4BFC7427299C45D700D16CB7 /* Products */ = {
			isa = PBXGroup;
			children = (
				4BFC7426299C45D700D16CB7 /* TodoList.app */,
			);
			name = Products;
			sourceTree = "<group>";
		};
		4BFC7428299C45D700D16CB7 /* TodoList */ = {
			isa = PBXGroup;
			children = (
				4BB4B55E29AD1404002644F5 /* Extension */,
				4B4D3DA829A674C300CD848E /* View */,
				4B4D3DA729A674BD00CD848E /* ViewModel */,
				4B4D3DA629A674AD00CD848E /* Model */,
				4BFC7429299C45D700D16CB7 /* AppDelegate.swift */,
				4BFC742B299C45D700D16CB7 /* SceneDelegate.swift */,
				4BFC742D299C45D700D16CB7 /* TodoListViewController.swift */,
				4B4D3DAB29A6BA9B00CD848E /* TaskEditViewController.swift */,
				4B3F9CEF29A4254F00EBC482 /* TodoTableViewCell.swift */,
				4BFC7432299C45D800D16CB7 /* Assets.xcassets */,
				4BFC7434299C45D800D16CB7 /* LaunchScreen.storyboard */,
				4BFC7437299C45D800D16CB7 /* Info.plist */,
			);
			path = TodoList;
			sourceTree = "<group>";
		};
/* End PBXGroup section */

/* Begin PBXNativeTarget section */
		4BFC7425299C45D700D16CB7 /* TodoList */ = {
			isa = PBXNativeTarget;
			buildConfigurationList = 4BFC743A299C45D800D16CB7 /* Build configuration list for PBXNativeTarget "TodoList" */;
			buildPhases = (
				4BFC7422299C45D700D16CB7 /* Sources */,
				4BFC7423299C45D700D16CB7 /* Frameworks */,
				4BFC7424299C45D700D16CB7 /* Resources */,
			);
			buildRules = (
			);
			dependencies = (
			);
			name = TodoList;
			productName = TodoList;
			productReference = 4BFC7426299C45D700D16CB7 /* TodoList.app */;
			productType = "com.apple.product-type.application";
		};
/* End PBXNativeTarget section */

/* Begin PBXProject section */
		4BFC741E299C45D600D16CB7 /* Project object */ = {
			isa = PBXProject;
			attributes = {
				BuildIndependentTargetsInParallel = 1;
				LastSwiftUpdateCheck = 1420;
				LastUpgradeCheck = 1420;
				TargetAttributes = {
					4BFC7425299C45D700D16CB7 = {
						CreatedOnToolsVersion = 14.2;
					};
				};
			};
			buildConfigurationList = 4BFC7421299C45D600D16CB7 /* Build configuration list for PBXProject "TodoList" */;
			compatibilityVersion = "Xcode 14.0";
			developmentRegion = en;
			hasScannedForEncodings = 0;
			knownRegions = (
				en,
				Base,
			);
			mainGroup = 4BFC741D299C45D600D16CB7;
			productRefGroup = 4BFC7427299C45D700D16CB7 /* Products */;
			projectDirPath = "";
			projectRoot = "";
			targets = (
				4BFC7425299C45D700D16CB7 /* TodoList */,
			);
		};
/* End PBXProject section */

/* Begin PBXResourcesBuildPhase section */
		4BFC7424299C45D700D16CB7 /* Resources */ = {
			isa = PBXResourcesBuildPhase;
			buildActionMask = 2147483647;
			files = (
				4BFC7436299C45D800D16CB7 /* LaunchScreen.storyboard in Resources */,
				4BFC7433299C45D800D16CB7 /* Assets.xcassets in Resources */,
			);
			runOnlyForDeploymentPostprocessing = 0;
		};
/* End PBXResourcesBuildPhase section */

/* Begin PBXSourcesBuildPhase section */
		4BFC7422299C45D700D16CB7 /* Sources */ = {
			isa = PBXSourcesBuildPhase;
			buildActionMask = 2147483647;
			files = (
				4BFC742E299C45D700D16CB7 /* TodoListViewController.swift in Sources */,
				4BFC742A299C45D700D16CB7 /* AppDelegate.swift in Sources */,
				4BFC742C299C45D700D16CB7 /* SceneDelegate.swift in Sources */,
				4B3F9CF629A442F200EBC482 /* TodoItemViewModel.swift in Sources */,
				4B3F9CF029A4254F00EBC482 /* TodoTableViewCell.swift in Sources */,
				4B3F9CF429A4424500EBC482 /* TodoItem.swift in Sources */,
				4BB4B56029AD142E002644F5 /* UIImage.extension.swift in Sources */,
				4B4D3DAC29A6BA9B00CD848E /* TaskEditViewController.swift in Sources */,
			);
			runOnlyForDeploymentPostprocessing = 0;
		};
/* End PBXSourcesBuildPhase section */

/* Begin PBXVariantGroup section */
		4BFC7434299C45D800D16CB7 /* LaunchScreen.storyboard */ = {
			isa = PBXVariantGroup;
			children = (
				4BFC7435299C45D800D16CB7 /* Base */,
			);
			name = LaunchScreen.storyboard;
			sourceTree = "<group>";
		};
/* End PBXVariantGroup section */

/* Begin XCBuildConfiguration section */
		4BFC7438299C45D800D16CB7 /* Debug */ = {
			isa = XCBuildConfiguration;
			buildSettings = {
				ALWAYS_SEARCH_USER_PATHS = NO;
				CLANG_ANALYZER_NONNULL = YES;
				CLANG_ANALYZER_NUMBER_OBJECT_CONVERSION = YES_AGGRESSIVE;
				CLANG_CXX_LANGUAGE_STANDARD = "gnu++20";
				CLANG_ENABLE_MODULES = YES;
				CLANG_ENABLE_OBJC_ARC = YES;
				CLANG_ENABLE_OBJC_WEAK = YES;
				CLANG_WARN_BLOCK_CAPTURE_AUTORELEASING = YES;
				CLANG_WARN_BOOL_CONVERSION = YES;
				CLANG_WARN_COMMA = YES;
				CLANG_WARN_CONSTANT_CONVERSION = YES;
				CLANG_WARN_DEPRECATED_OBJC_IMPLEMENTATIONS = YES;
				CLANG_WARN_DIRECT_OBJC_ISA_USAGE = YES_ERROR;
				CLANG_WARN_DOCUMENTATION_COMMENTS = YES;
				CLANG_WARN_EMPTY_BODY = YES;
				CLANG_WARN_ENUM_CONVERSION = YES;
				CLANG_WARN_INFINITE_RECURSION = YES;
				CLANG_WARN_INT_CONVERSION = YES;
				CLANG_WARN_NON_LITERAL_NULL_CONVERSION = YES;
				CLANG_WARN_OBJC_IMPLICIT_RETAIN_SELF = YES;
				CLANG_WARN_OBJC_LITERAL_CONVERSION = YES;
				CLANG_WARN_OBJC_ROOT_CLASS = YES_ERROR;
				CLANG_WARN_QUOTED_INCLUDE_IN_FRAMEWORK_HEADER = YES;
				CLANG_WARN_RANGE_LOOP_ANALYSIS = YES;
				CLANG_WARN_STRICT_PROTOTYPES = YES;
				CLANG_WARN_SUSPICIOUS_MOVE = YES;
				CLANG_WARN_UNGUARDED_AVAILABILITY = YES_AGGRESSIVE;
				CLANG_WARN_UNREACHABLE_CODE = YES;
				CLANG_WARN__DUPLICATE_METHOD_MATCH = YES;
				COPY_PHASE_STRIP = NO;
				DEBUG_INFORMATION_FORMAT = dwarf;
				ENABLE_STRICT_OBJC_MSGSEND = YES;
				ENABLE_TESTABILITY = YES;
				GCC_C_LANGUAGE_STANDARD = gnu11;
				GCC_DYNAMIC_NO_PIC = NO;
				GCC_NO_COMMON_BLOCKS = YES;
				GCC_OPTIMIZATION_LEVEL = 0;
				GCC_PREPROCESSOR_DEFINITIONS = (
					"DEBUG=1",
					"$(inherited)",
				);
				GCC_WARN_64_TO_32_BIT_CONVERSION = YES;
				GCC_WARN_ABOUT_RETURN_TYPE = YES_ERROR;
				GCC_WARN_UNDECLARED_SELECTOR = YES;
				GCC_WARN_UNINITIALIZED_AUTOS = YES_AGGRESSIVE;
				GCC_WARN_UNUSED_FUNCTION = YES;
				GCC_WARN_UNUSED_VARIABLE = YES;
				IPHONEOS_DEPLOYMENT_TARGET = 16.2;
				MTL_ENABLE_DEBUG_INFO = INCLUDE_SOURCE;
				MTL_FAST_MATH = YES;
				ONLY_ACTIVE_ARCH = YES;
				SDKROOT = iphoneos;
				SWIFT_ACTIVE_COMPILATION_CONDITIONS = DEBUG;
				SWIFT_OPTIMIZATION_LEVEL = "-Onone";
			};
			name = Debug;
		};
		4BFC7439299C45D800D16CB7 /* Release */ = {
			isa = XCBuildConfiguration;
			buildSettings = {
				ALWAYS_SEARCH_USER_PATHS = NO;
				CLANG_ANALYZER_NONNULL = YES;
				CLANG_ANALYZER_NUMBER_OBJECT_CONVERSION = YES_AGGRESSIVE;
				CLANG_CXX_LANGUAGE_STANDARD = "gnu++20";
				CLANG_ENABLE_MODULES = YES;
				CLANG_ENABLE_OBJC_ARC = YES;
				CLANG_ENABLE_OBJC_WEAK = YES;
				CLANG_WARN_BLOCK_CAPTURE_AUTORELEASING = YES;
				CLANG_WARN_BOOL_CONVERSION = YES;
				CLANG_WARN_COMMA = YES;
				CLANG_WARN_CONSTANT_CONVERSION = YES;
				CLANG_WARN_DEPRECATED_OBJC_IMPLEMENTATIONS = YES;
				CLANG_WARN_DIRECT_OBJC_ISA_USAGE = YES_ERROR;
				CLANG_WARN_DOCUMENTATION_COMMENTS = YES;
				CLANG_WARN_EMPTY_BODY = YES;
				CLANG_WARN_ENUM_CONVERSION = YES;
				CLANG_WARN_INFINITE_RECURSION = YES;
				CLANG_WARN_INT_CONVERSION = YES;
				CLANG_WARN_NON_LITERAL_NULL_CONVERSION = YES;
				CLANG_WARN_OBJC_IMPLICIT_RETAIN_SELF = YES;
				CLANG_WARN_OBJC_LITERAL_CONVERSION = YES;
				CLANG_WARN_OBJC_ROOT_CLASS = YES_ERROR;
				CLANG_WARN_QUOTED_INCLUDE_IN_FRAMEWORK_HEADER = YES;
				CLANG_WARN_RANGE_LOOP_ANALYSIS = YES;
				CLANG_WARN_STRICT_PROTOTYPES = YES;
				CLANG_WARN_SUSPICIOUS_MOVE = YES;
				CLANG_WARN_UNGUARDED_AVAILABILITY = YES_AGGRESSIVE;
				CLANG_WARN_UNREACHABLE_CODE = YES;
				CLANG_WARN__DUPLICATE_METHOD_MATCH = YES;
				COPY_PHASE_STRIP = NO;
				DEBUG_INFORMATION_FORMAT = "dwarf-with-dsym";
				ENABLE_NS_ASSERTIONS = NO;
				ENABLE_STRICT_OBJC_MSGSEND = YES;
				GCC_C_LANGUAGE_STANDARD = gnu11;
				GCC_NO_COMMON_BLOCKS = YES;
				GCC_WARN_64_TO_32_BIT_CONVERSION = YES;
				GCC_WARN_ABOUT_RETURN_TYPE = YES_ERROR;
				GCC_WARN_UNDECLARED_SELECTOR = YES;
				GCC_WARN_UNINITIALIZED_AUTOS = YES_AGGRESSIVE;
				GCC_WARN_UNUSED_FUNCTION = YES;
				GCC_WARN_UNUSED_VARIABLE = YES;
				IPHONEOS_DEPLOYMENT_TARGET = 16.2;
				MTL_ENABLE_DEBUG_INFO = NO;
				MTL_FAST_MATH = YES;
				SDKROOT = iphoneos;
				SWIFT_COMPILATION_MODE = wholemodule;
				SWIFT_OPTIMIZATION_LEVEL = "-O";
				VALIDATE_PRODUCT = YES;
			};
			name = Release;
		};
		4BFC743B299C45D800D16CB7 /* Debug */ = {
			isa = XCBuildConfiguration;
			buildSettings = {
				ASSETCATALOG_COMPILER_APPICON_NAME = AppIcon;
				ASSETCATALOG_COMPILER_GLOBAL_ACCENT_COLOR_NAME = AccentColor;
				CODE_SIGN_STYLE = Automatic;
				CURRENT_PROJECT_VERSION = 1;
				DEVELOPMENT_TEAM = UCRT826FT5;
				GENERATE_INFOPLIST_FILE = YES;
				INFOPLIST_FILE = TodoList/Info.plist;
				INFOPLIST_KEY_UIApplicationSupportsIndirectInputEvents = YES;
				INFOPLIST_KEY_UILaunchStoryboardName = LaunchScreen;
				INFOPLIST_KEY_UISupportedInterfaceOrientations_iPad = "UIInterfaceOrientationPortrait UIInterfaceOrientationPortraitUpsideDown UIInterfaceOrientationLandscapeLeft UIInterfaceOrientationLandscapeRight";
				INFOPLIST_KEY_UISupportedInterfaceOrientations_iPhone = "UIInterfaceOrientationPortrait UIInterfaceOrientationLandscapeLeft UIInterfaceOrientationLandscapeRight";
				LD_RUNPATH_SEARCH_PATHS = (
					"$(inherited)",
					"@executable_path/Frameworks",
				);
				MARKETING_VERSION = 1.0;
				PRODUCT_BUNDLE_IDENTIFIER = gcampos.TodoList;
				PRODUCT_NAME = "$(TARGET_NAME)";
				SWIFT_EMIT_LOC_STRINGS = YES;
				SWIFT_VERSION = 5.0;
				TARGETED_DEVICE_FAMILY = "1,2";
			};
			name = Debug;
		};
		4BFC743C299C45D800D16CB7 /* Release */ = {
			isa = XCBuildConfiguration;
			buildSettings = {
				ASSETCATALOG_COMPILER_APPICON_NAME = AppIcon;
				ASSETCATALOG_COMPILER_GLOBAL_ACCENT_COLOR_NAME = AccentColor;
				CODE_SIGN_STYLE = Automatic;
				CURRENT_PROJECT_VERSION = 1;
				DEVELOPMENT_TEAM = UCRT826FT5;
				GENERATE_INFOPLIST_FILE = YES;
				INFOPLIST_FILE = TodoList/Info.plist;
				INFOPLIST_KEY_UIApplicationSupportsIndirectInputEvents = YES;
				INFOPLIST_KEY_UILaunchStoryboardName = LaunchScreen;
				INFOPLIST_KEY_UISupportedInterfaceOrientations_iPad = "UIInterfaceOrientationPortrait UIInterfaceOrientationPortraitUpsideDown UIInterfaceOrientationLandscapeLeft UIInterfaceOrientationLandscapeRight";
				INFOPLIST_KEY_UISupportedInterfaceOrientations_iPhone = "UIInterfaceOrientationPortrait UIInterfaceOrientationLandscapeLeft UIInterfaceOrientationLandscapeRight";
				LD_RUNPATH_SEARCH_PATHS = (
					"$(inherited)",
					"@executable_path/Frameworks",
				);
				MARKETING_VERSION = 1.0;
				PRODUCT_BUNDLE_IDENTIFIER = gcampos.TodoList;
				PRODUCT_NAME = "$(TARGET_NAME)";
				SWIFT_EMIT_LOC_STRINGS = YES;
				SWIFT_VERSION = 5.0;
				TARGETED_DEVICE_FAMILY = "1,2";
			};
			name = Release;
		};
/* End XCBuildConfiguration section */

/* Begin XCConfigurationList section */
		4BFC7421299C45D600D16CB7 /* Build configuration list for PBXProject "TodoList" */ = {
			isa = XCConfigurationList;
			buildConfigurations = (
				4BFC7438299C45D800D16CB7 /* Debug */,
				4BFC7439299C45D800D16CB7 /* Release */,
			);
			defaultConfigurationIsVisible = 0;
			defaultConfigurationName = Release;
		};
		4BFC743A299C45D800D16CB7 /* Build configuration list for PBXNativeTarget "TodoList" */ = {
			isa = XCConfigurationList;
			buildConfigurations = (
				4BFC743B299C45D800D16CB7 /* Debug */,
				4BFC743C299C45D800D16CB7 /* Release */,
			);
			defaultConfigurationIsVisible = 0;
			defaultConfigurationName = Release;
		};
/* End XCConfigurationList section */
	};
	rootObject = 4BFC741E299C45D600D16CB7 /* Project object */;
}
